
Microsoft Visual Studio Solution File, Format Version 12.00
# Visual Studio 15
VisualStudioVersion = 15.0.26124.0
MinimumVisualStudioVersion = 15.0.26124.0
Project("{FAE04EC0-301F-11D3-BF4B-00C04F79EFBC}") = "API", "API\API.csproj", "{4B409648-DA19-4B91-A762-85342E249DCF}"
EndProject
Project("{FAE04EC0-301F-11D3-BF4B-00C04F79EFBC}") = "Application", "Application\Application.csproj", "{FDE4683A-5B46-44C4-B24B-CA143BE4A698}"
EndProject
Project("{FAE04EC0-301F-11D3-BF4B-00C04F79EFBC}") = "Persistence", "Persistence\Persistence.csproj", "{55B634C3-E186-41E3-B0AF-570F6169995B}"
EndProject
Project("{FAE04EC0-301F-11D3-BF4B-00C04F79EFBC}") = "Domain", "Domain\Domain.csproj", "{177E890B-B0AE-425F-9067-6A698B55369D}"
EndProject
Global
	GlobalSection(SolutionConfigurationPlatforms) = preSolution
		Debug|Any CPU = Debug|Any CPU
		Debug|x64 = Debug|x64
		Debug|x86 = Debug|x86
		Release|Any CPU = Release|Any CPU
		Release|x64 = Release|x64
		Release|x86 = Release|x86
	EndGlobalSection
	GlobalSection(SolutionProperties) = preSolution
		HideSolutionNode = FALSE
	EndGlobalSection
	GlobalSection(ProjectConfigurationPlatforms) = postSolution
		{4B409648-DA19-4B91-A762-85342E249DCF}.Debug|Any CPU.ActiveCfg = Debug|Any CPU
		{4B409648-DA19-4B91-A762-85342E249DCF}.Debug|Any CPU.Build.0 = Debug|Any CPU
		{4B409648-DA19-4B91-A762-85342E249DCF}.Debug|x64.ActiveCfg = Debug|Any CPU
		{4B409648-DA19-4B91-A762-85342E249DCF}.Debug|x64.Build.0 = Debug|Any CPU
		{4B409648-DA19-4B91-A762-85342E249DCF}.Debug|x86.ActiveCfg = Debug|Any CPU
		{4B409648-DA19-4B91-A762-85342E249DCF}.Debug|x86.Build.0 = Debug|Any CPU
		{4B409648-DA19-4B91-A762-85342E249DCF}.Release|Any CPU.ActiveCfg = Release|Any CPU
		{4B409648-DA19-4B91-A762-85342E249DCF}.Release|Any CPU.Build.0 = Release|Any CPU
		{4B409648-DA19-4B91-A762-85342E249DCF}.Release|x64.ActiveCfg = Release|Any CPU
		{4B409648-DA19-4B91-A762-85342E249DCF}.Release|x64.Build.0 = Release|Any CPU
		{4B409648-DA19-4B91-A762-85342E249DCF}.Release|x86.ActiveCfg = Release|Any CPU
		{4B409648-DA19-4B91-A762-85342E249DCF}.Release|x86.Build.0 = Release|Any CPU
		{FDE4683A-5B46-44C4-B24B-CA143BE4A698}.Debug|Any CPU.ActiveCfg = Debug|Any CPU
		{FDE4683A-5B46-44C4-B24B-CA143BE4A698}.Debug|Any CPU.Build.0 = Debug|Any CPU
		{FDE4683A-5B46-44C4-B24B-CA143BE4A698}.Debug|x64.ActiveCfg = Debug|Any CPU
		{FDE4683A-5B46-44C4-B24B-CA143BE4A698}.Debug|x64.Build.0 = Debug|Any CPU
		{FDE4683A-5B46-44C4-B24B-CA143BE4A698}.Debug|x86.ActiveCfg = Debug|Any CPU
		{FDE4683A-5B46-44C4-B24B-CA143BE4A698}.Debug|x86.Build.0 = Debug|Any CPU
		{FDE4683A-5B46-44C4-B24B-CA143BE4A698}.Release|Any CPU.ActiveCfg = Release|Any CPU
		{FDE4683A-5B46-44C4-B24B-CA143BE4A698}.Release|Any CPU.Build.0 = Release|Any CPU
		{FDE4683A-5B46-44C4-B24B-CA143BE4A698}.Release|x64.ActiveCfg = Release|Any CPU
		{FDE4683A-5B46-44C4-B24B-CA143BE4A698}.Release|x64.Build.0 = Release|Any CPU
		{FDE4683A-5B46-44C4-B24B-CA143BE4A698}.Release|x86.ActiveCfg = Release|Any CPU
		{FDE4683A-5B46-44C4-B24B-CA143BE4A698}.Release|x86.Build.0 = Release|Any CPU
		{55B634C3-E186-41E3-B0AF-570F6169995B}.Debug|Any CPU.ActiveCfg = Debug|Any CPU
		{55B634C3-E186-41E3-B0AF-570F6169995B}.Debug|Any CPU.Build.0 = Debug|Any CPU
		{55B634C3-E186-41E3-B0AF-570F6169995B}.Debug|x64.ActiveCfg = Debug|Any CPU
		{55B634C3-E186-41E3-B0AF-570F6169995B}.Debug|x64.Build.0 = Debug|Any CPU
		{55B634C3-E186-41E3-B0AF-570F6169995B}.Debug|x86.ActiveCfg = Debug|Any CPU
		{55B634C3-E186-41E3-B0AF-570F6169995B}.Debug|x86.Build.0 = Debug|Any CPU
		{55B634C3-E186-41E3-B0AF-570F6169995B}.Release|Any CPU.ActiveCfg = Release|Any CPU
		{55B634C3-E186-41E3-B0AF-570F6169995B}.Release|Any CPU.Build.0 = Release|Any CPU
		{55B634C3-E186-41E3-B0AF-570F6169995B}.Release|x64.ActiveCfg = Release|Any CPU
		{55B634C3-E186-41E3-B0AF-570F6169995B}.Release|x64.Build.0 = Release|Any CPU
		{55B634C3-E186-41E3-B0AF-570F6169995B}.Release|x86.ActiveCfg = Release|Any CPU
		{55B634C3-E186-41E3-B0AF-570F6169995B}.Release|x86.Build.0 = Release|Any CPU
		{177E890B-B0AE-425F-9067-6A698B55369D}.Debug|Any CPU.ActiveCfg = Debug|Any CPU
		{177E890B-B0AE-425F-9067-6A698B55369D}.Debug|Any CPU.Build.0 = Debug|Any CPU
		{177E890B-B0AE-425F-9067-6A698B55369D}.Debug|x64.ActiveCfg = Debug|Any CPU
		{177E890B-B0AE-425F-9067-6A698B55369D}.Debug|x64.Build.0 = Debug|Any CPU
		{177E890B-B0AE-425F-9067-6A698B55369D}.Debug|x86.ActiveCfg = Debug|Any CPU
		{177E890B-B0AE-425F-9067-6A698B55369D}.Debug|x86.Build.0 = Debug|Any CPU
		{177E890B-B0AE-425F-9067-6A698B55369D}.Release|Any CPU.ActiveCfg = Release|Any CPU
		{177E890B-B0AE-425F-9067-6A698B55369D}.Release|Any CPU.Build.0 = Release|Any CPU
		{177E890B-B0AE-425F-9067-6A698B55369D}.Release|x64.ActiveCfg = Release|Any CPU
		{177E890B-B0AE-425F-9067-6A698B55369D}.Release|x64.Build.0 = Release|Any CPU
		{177E890B-B0AE-425F-9067-6A698B55369D}.Release|x86.ActiveCfg = Release|Any CPU
		{177E890B-B0AE-425F-9067-6A698B55369D}.Release|x86.Build.0 = Release|Any CPU
	EndGlobalSection
EndGlobal
